
Microsoft Visual Studio Solution File, Format Version 12.00
# Visual Studio Version 17
VisualStudioVersion = 17.4.33213.308
MinimumVisualStudioVersion = 10.0.40219.1
Project("{FAE04EC0-301F-11D3-BF4B-00C04F79EFBC}") = "07.02.2023", "07.02.2023\07.02.2023.csproj", "{114CF9DA-8076-409D-B27C-61206645C944}"
EndProject
Global
	GlobalSection(SolutionConfigurationPlatforms) = preSolution
		Debug|Any CPU = Debug|Any CPU
		Release|Any CPU = Release|Any CPU
	EndGlobalSection
	GlobalSection(ProjectConfigurationPlatforms) = postSolution
		{114CF9DA-8076-409D-B27C-61206645C944}.Debug|Any CPU.ActiveCfg = Debug|Any CPU
		{114CF9DA-8076-409D-B27C-61206645C944}.Debug|Any CPU.Build.0 = Debug|Any CPU
		{114CF9DA-8076-409D-B27C-61206645C944}.Release|Any CPU.ActiveCfg = Release|Any CPU
		{114CF9DA-8076-409D-B27C-61206645C944}.Release|Any CPU.Build.0 = Release|Any CPU
	EndGlobalSection
	GlobalSection(SolutionProperties) = preSolution
		HideSolutionNode = FALSE
	EndGlobalSection
	GlobalSection(ExtensibilityGlobals) = postSolution
		SolutionGuid = {F46A2DE8-E92D-40CB-A280-EF1EFB03522C}
	EndGlobalSection
EndGlobal
